
Microsoft Visual Studio Solution File, Format Version 12.00
# Visual Studio 15
VisualStudioVersion = 15.0.27703.2018
MinimumVisualStudioVersion = 10.0.40219.1
Project("{8BC9CEB8-8B4A-11D0-8D11-00A0C91BC942}") = "C++_project", "C++_project\C++_project.vcxproj", "{7632F8B3-0AB6-4F90-823F-A7FC56D80380}"
EndProject
Project("{FAE04EC0-301F-11D3-BF4B-00C04F79EFBC}") = "WindowsFormsApp1", "WindowsFormsApp1\WindowsFormsApp1.csproj", "{B52665D3-4363-484F-8245-94880C20A1E7}"
EndProject
Global
	GlobalSection(SolutionConfigurationPlatforms) = preSolution
		Debug|Any CPU = Debug|Any CPU
		Debug|x64 = Debug|x64
		Debug|x86 = Debug|x86
		Release|Any CPU = Release|Any CPU
		Release|x64 = Release|x64
		Release|x86 = Release|x86
	EndGlobalSection
	GlobalSection(ProjectConfigurationPlatforms) = postSolution
		{7632F8B3-0AB6-4F90-823F-A7FC56D80380}.Debug|Any CPU.ActiveCfg = Debug|Win32
		{7632F8B3-0AB6-4F90-823F-A7FC56D80380}.Debug|x64.ActiveCfg = Debug|x64
		{7632F8B3-0AB6-4F90-823F-A7FC56D80380}.Debug|x64.Build.0 = Debug|x64
		{7632F8B3-0AB6-4F90-823F-A7FC56D80380}.Debug|x86.ActiveCfg = Debug|Win32
		{7632F8B3-0AB6-4F90-823F-A7FC56D80380}.Debug|x86.Build.0 = Debug|Win32
		{7632F8B3-0AB6-4F90-823F-A7FC56D80380}.Release|Any CPU.ActiveCfg = Release|Win32
		{7632F8B3-0AB6-4F90-823F-A7FC56D80380}.Release|x64.ActiveCfg = Release|x64
		{7632F8B3-0AB6-4F90-823F-A7FC56D80380}.Release|x64.Build.0 = Release|x64
		{7632F8B3-0AB6-4F90-823F-A7FC56D80380}.Release|x86.ActiveCfg = Release|Win32
		{7632F8B3-0AB6-4F90-823F-A7FC56D80380}.Release|x86.Build.0 = Release|Win32
		{B52665D3-4363-484F-8245-94880C20A1E7}.Debug|Any CPU.ActiveCfg = Debug|Any CPU
		{B52665D3-4363-484F-8245-94880C20A1E7}.Debug|Any CPU.Build.0 = Debug|Any CPU
		{B52665D3-4363-484F-8245-94880C20A1E7}.Debug|x64.ActiveCfg = Debug|Any CPU
		{B52665D3-4363-484F-8245-94880C20A1E7}.Debug|x64.Build.0 = Debug|Any CPU
		{B52665D3-4363-484F-8245-94880C20A1E7}.Debug|x86.ActiveCfg = Debug|Any CPU
		{B52665D3-4363-484F-8245-94880C20A1E7}.Debug|x86.Build.0 = Debug|Any CPU
		{B52665D3-4363-484F-8245-94880C20A1E7}.Release|Any CPU.ActiveCfg = Release|Any CPU
		{B52665D3-4363-484F-8245-94880C20A1E7}.Release|Any CPU.Build.0 = Release|Any CPU
		{B52665D3-4363-484F-8245-94880C20A1E7}.Release|x64.ActiveCfg = Release|Any CPU
		{B52665D3-4363-484F-8245-94880C20A1E7}.Release|x64.Build.0 = Release|Any CPU
		{B52665D3-4363-484F-8245-94880C20A1E7}.Release|x86.ActiveCfg = Release|Any CPU
		{B52665D3-4363-484F-8245-94880C20A1E7}.Release|x86.Build.0 = Release|Any CPU
	EndGlobalSection
	GlobalSection(SolutionProperties) = preSolution
		HideSolutionNode = FALSE
	EndGlobalSection
	GlobalSection(ExtensibilityGlobals) = postSolution
		SolutionGuid = {7C554C15-9734-4FD3-99B4-E57583698BBC}
	EndGlobalSection
EndGlobal
